<?xml version="1.0" encoding="utf-8"?>
<Project ToolsVersion="4.0" xmlns="http://schemas.microsoft.com/developer/msbuild/2003">
  <ItemGroup>
    <Filter Include="Source files">
      <UniqueIdentifier>{071902d9-a513-4f2c-8537-894faf4e474b}</UniqueIdentifier>
      <Extensions>cpp;c;cc;cxx;def;odl;idl;hpj;bat;asm;asmx</Extensions>
    </Filter>
    <Filter Include="Header files">
      <UniqueIdentifier>{4fbc8460-cfa3-4938-af53-59b606e638d7}</UniqueIdentifier>
      <Extensions>h;hpp;hxx;hm;inl;inc;xsd</Extensions>
    </Filter>
    <Filter Include="Resource files">
      <UniqueIdentifier>{b0d6febf-50d2-4d71-8530-8044d8193e24}</UniqueIdentifier>
      <Extensions>rc;ico;cur;bmp;dlg;rc2;rct;bin;rgs;gif;jpg;jpeg;jpe;resx;tiff;tif;png;wav</Extensions>
    </Filter>
    <Filter Include="Make files">
      <UniqueIdentifier>{2b00ecbd-3721-49d2-b14e-9f3be6f1fd7a}</UniqueIdentifier>
      <Extensions>*.mak</Extensions>
    </Filter>
    <Filter Include="VisualGDB settings">
      <UniqueIdentifier>{4c85bc90-f678-4c87-b7c2-9c746833e595}</UniqueIdentifier>
      <Extensions>*.vgdbsettings</Extensions>
    </Filter>
    <Filter Include="Source files\Device-specific files">
      <UniqueIdentifier>{7b6ecb2f-b025-4140-b4fb-40cb274c825c}</UniqueIdentifier>
    </Filter>
    <Filter Include="Header files\Device-specific files">
      <UniqueIdentifier>{9a7d1b20-64f8-4a42-8a8f-8d9d5c5ef4da}</UniqueIdentifier>
    </Filter>
  </ItemGroup>
  <ItemGroup>
    <None Include="Makefile" />
    <None Include="debug.mak">
      <Filter>Make files</Filter>
    </None>
    <None Include="libSMLVGDB-Debug.vgdbsettings">
      <Filter>VisualGDB settings</Filter>
    </None>
    <None Include="release.mak">
      <Filter>Make files</Filter>
    </None>
    <None Include="libSMLVGDB-Release.vgdbsettings">
      <Filter>VisualGDB settings</Filter>
    </None>
    <None Include="stm32.mak">
      <Filter>Source files\Device-specific files</Filter>
    </None>
    <ClCompile Include="$(BSP_ROOT)\STM32L4xxxx\StartupFiles\startup_stm32l452xx.c">
      <Filter>Source files\Device-specific files</Filter>
    </ClCompile>
  </ItemGroup>
  <ItemGroup>
    <Xml Include="stm32.xml">
      <Filter>VisualGDB settings</Filter>
    </Xml>
  </ItemGroup>
  <ItemGroup>
    <ClInclude Include="..\..\ts-libsml\sml\include\sml\sml_attention_response.h">
      <Filter>Header files</Filter>
    </ClInclude>
    <ClInclude Include="..\..\ts-libsml\sml\include\sml\sml_boolean.h">
      <Filter>Header files</Filter>
    </ClInclude>
    <ClInclude Include="..\..\ts-libsml\sml\include\sml\sml_close_request.h">
      <Filter>Header files</Filter>
    </ClInclude>
    <ClInclude Include="..\..\ts-libsml\sml\include\sml\sml_close_response.h">
      <Filter>Header files</Filter>
    </ClInclude>
    <ClInclude Include="..\..\ts-libsml\sml\include\sml\sml_crc16.h">
      <Filter>Header files</Filter>
    </ClInclude>
    <ClInclude Include="..\..\ts-libsml\sml\include\sml\sml_file.h">
      <Filter>Header files</Filter>
    </ClInclude>
    <ClInclude Include="..\..\ts-libsml\sml\include\sml\sml_get_list_request.h">
      <Filter>Header files</Filter>
    </ClInclude>
    <ClInclude Include="..\..\ts-libsml\sml\include\sml\sml_get_list_response.h">
      <Filter>Header files</Filter>
    </ClInclude>
    <ClInclude Include="..\..\ts-libsml\sml\include\sml\sml_get_proc_parameter_request.h">
      <Filter>Header files</Filter>
    </ClInclude>
    <ClInclude Include="..\..\ts-libsml\sml\include\sml\sml_get_proc_parameter_response.h">
      <Filter>Header files</Filter>
    </ClInclude>
    <ClInclude Include="..\..\ts-libsml\sml\include\sml\sml_get_profile_list_request.h">
      <Filter>Header files</Filter>
    </ClInclude>
    <ClInclude Include="..\..\ts-libsml\sml\include\sml\sml_get_profile_list_response.h">
      <Filter>Header files</Filter>
    </ClInclude>
    <ClInclude Include="..\..\ts-libsml\sml\include\sml\sml_get_profile_pack_request.h">
      <Filter>Header files</Filter>
    </ClInclude>
    <ClInclude Include="..\..\ts-libsml\sml\include\sml\sml_get_profile_pack_response.h">
      <Filter>Header files</Filter>
    </ClInclude>
    <ClInclude Include="..\..\ts-libsml\sml\include\sml\sml_list.h">
      <Filter>Header files</Filter>
    </ClInclude>
    <ClInclude Include="..\..\ts-libsml\sml\include\sml\sml_log.h">
      <Filter>Header files</Filter>
    </ClInclude>
    <ClInclude Include="..\..\ts-libsml\sml\include\sml\sml_message.h">
      <Filter>Header files</Filter>
    </ClInclude>
    <ClInclude Include="..\..\ts-libsml\sml\include\sml\sml_number.h">
      <Filter>Header files</Filter>
    </ClInclude>
    <ClInclude Include="..\..\ts-libsml\sml\include\sml\sml_octet_string.h">
      <Filter>Header files</Filter>
    </ClInclude>
    <ClInclude Include="..\..\ts-libsml\sml\include\sml\sml_open_request.h">
      <Filter>Header files</Filter>
    </ClInclude>
    <ClInclude Include="..\..\ts-libsml\sml\include\sml\sml_open_response.h">
      <Filter>Header files</Filter>
    </ClInclude>
    <ClInclude Include="..\..\ts-libsml\sml\include\sml\sml_set_proc_parameter_request.h">
      <Filter>Header files</Filter>
    </ClInclude>
    <ClInclude Include="..\..\ts-libsml\sml\include\sml\sml_shared.h">
      <Filter>Header files</Filter>
    </ClInclude>
    <ClInclude Include="..\..\ts-libsml\sml\include\sml\sml_signature.h">
      <Filter>Header files</Filter>
    </ClInclude>
    <ClInclude Include="..\..\ts-libsml\sml\include\sml\sml_status.h">
      <Filter>Header files</Filter>
    </ClInclude>
    <ClInclude Include="..\..\ts-libsml\sml\include\sml\sml_time.h">
      <Filter>Header files</Filter>
    </ClInclude>
    <ClInclude Include="..\..\ts-libsml\sml\include\sml\sml_transport.h">
      <Filter>Header files</Filter>
    </ClInclude>
    <ClInclude Include="..\..\ts-libsml\sml\include\sml\sml_tree.h">
      <Filter>Header files</Filter>
    </ClInclude>
    <ClInclude Include="..\..\ts-libsml\sml\include\sml\sml_v105.h">
      <Filter>Header files</Filter>
    </ClInclude>
    <ClInclude Include="..\..\ts-libsml\sml\include\sml\sml_value.h">
      <Filter>Header files</Filter>
    </ClInclude>
  </ItemGroup>
  <ItemGroup>
    <ClCompile Include="..\..\ts-libsml\sml\src\sml_attention_response.c">
      <Filter>Source files</Filter>
    </ClCompile>
    <ClCompile Include="..\..\ts-libsml\sml\src\sml_boolean.c">
      <Filter>Source files</Filter>
    </ClCompile>
    <ClCompile Include="..\..\ts-libsml\sml\src\sml_close_request.c">
      <Filter>Source files</Filter>
    </ClCompile>
    <ClCompile Include="..\..\ts-libsml\sml\src\sml_close_response.c">
      <Filter>Source files</Filter>
    </ClCompile>
    <ClCompile Include="..\..\ts-libsml\sml\src\sml_crc16.c">
      <Filter>Source files</Filter>
    </ClCompile>
    <ClCompile Include="..\..\ts-libsml\sml\src\sml_file.c">
      <Filter>Source files</Filter>
    </ClCompile>
    <ClCompile Include="..\..\ts-libsml\sml\src\sml_get_list_request.c">
      <Filter>Source files</Filter>
    </ClCompile>
    <ClCompile Include="..\..\ts-libsml\sml\src\sml_get_list_response.c">
      <Filter>Source files</Filter>
    </ClCompile>
    <ClCompile Include="..\..\ts-libsml\sml\src\sml_get_proc_parameter_request.c">
      <Filter>Source files</Filter>
    </ClCompile>
    <ClCompile Include="..\..\ts-libsml\sml\src\sml_get_proc_parameter_response.c">
      <Filter>Source files</Filter>
    </ClCompile>
    <ClCompile Include="..\..\ts-libsml\sml\src\sml_get_profile_list_request.c">
      <Filter>Source files</Filter>
    </ClCompile>
    <ClCompile Include="..\..\ts-libsml\sml\src\sml_get_profile_list_response.c">
      <Filter>Source files</Filter>
    </ClCompile>
    <ClCompile Include="..\..\ts-libsml\sml\src\sml_get_profile_pack_request.c">
      <Filter>Source files</Filter>
    </ClCompile>
    <ClCompile Include="..\..\ts-libsml\sml\src\sml_get_profile_pack_response.c">
      <Filter>Source files</Filter>
    </ClCompile>
    <ClCompile Include="..\..\ts-libsml\sml\src\sml_list.c">
      <Filter>Source files</Filter>
    </ClCompile>
    <ClCompile Include="..\..\ts-libsml\sml\src\sml_log.c">
      <Filter>Source files</Filter>
    </ClCompile>
    <ClCompile Include="..\..\ts-libsml\sml\src\sml_message.c">
      <Filter>Source files</Filter>
    </ClCompile>
    <ClCompile Include="..\..\ts-libsml\sml\src\sml_number.c">
      <Filter>Source files</Filter>
    </ClCompile>
    <ClCompile Include="..\..\ts-libsml\sml\src\sml_octet_string.c">
      <Filter>Source files</Filter>
    </ClCompile>
    <ClCompile Include="..\..\ts-libsml\sml\src\sml_open_request.c">
      <Filter>Source files</Filter>
    </ClCompile>
    <ClCompile Include="..\..\ts-libsml\sml\src\sml_open_response.c">
      <Filter>Source files</Filter>
    </ClCompile>
    <ClCompile Include="..\..\ts-libsml\sml\src\sml_set_proc_parameter_request.c">
      <Filter>Source files</Filter>
    </ClCompile>
    <ClCompile Include="..\..\ts-libsml\sml\src\sml_shared.c">
      <Filter>Source files</Filter>
    </ClCompile>
    <ClCompile Include="..\..\ts-libsml\sml\src\sml_signature.c">
      <Filter>Source files</Filter>
    </ClCompile>
    <ClCompile Include="..\..\ts-libsml\sml\src\sml_status.c">
      <Filter>Source files</Filter>
    </ClCompile>
    <ClCompile Include="..\..\ts-libsml\sml\src\sml_time.c">
      <Filter>Source files</Filter>
    </ClCompile>
    <ClCompile Include="..\..\ts-libsml\sml\src\sml_transport.c">
      <Filter>Source files</Filter>
    </ClCompile>
    <ClCompile Include="..\..\ts-libsml\sml\src\sml_tree.c">
      <Filter>Source files</Filter>
    </ClCompile>
    <ClCompile Include="..\..\ts-libsml\sml\src\sml_v105.c">
      <Filter>Source files</Filter>
    </ClCompile>
    <ClCompile Include="..\..\ts-libsml\sml\src\sml_value.c">
      <Filter>Source files</Filter>
    </ClCompile>
  </ItemGroup>
</Project>