
Microsoft Visual Studio Solution File, Format Version 11.00
# Visual Studio 2010
Project("{8BC9CEB8-8B4A-11D0-8D11-00A0C91BC942}") = "libsml", "sml\libsml.vcxproj", "{9E81D34E-8C7B-48F3-BF51-079B2061B3B2}"
EndProject
Project("{8BC9CEB8-8B4A-11D0-8D11-00A0C91BC942}") = "libsmlTest", "test\libsmlTest\libsmlTest.vcxproj", "{8A4A5EF7-32E7-4B13-9A59-ECEFB84AC018}"
	ProjectSection(ProjectDependencies) = postProject
		{9E81D34E-8C7B-48F3-BF51-079B2061B3B2} = {9E81D34E-8C7B-48F3-BF51-079B2061B3B2}
	EndProjectSection
EndProject
Global
	GlobalSection(SolutionConfigurationPlatforms) = preSolution
		Debug|Win32 = Debug|Win32
		Release|Win32 = Release|Win32
	EndGlobalSection
	GlobalSection(ProjectConfigurationPlatforms) = postSolution
		{9E81D34E-8C7B-48F3-BF51-079B2061B3B2}.Debug|Win32.ActiveCfg = Debug|Win32
		{9E81D34E-8C7B-48F3-BF51-079B2061B3B2}.Debug|Win32.Build.0 = Debug|Win32
		{9E81D34E-8C7B-48F3-BF51-079B2061B3B2}.Release|Win32.ActiveCfg = Release|Win32
		{9E81D34E-8C7B-48F3-BF51-079B2061B3B2}.Release|Win32.Build.0 = Release|Win32
		{8A4A5EF7-32E7-4B13-9A59-ECEFB84AC018}.Debug|Win32.ActiveCfg = Debug|Win32
		{8A4A5EF7-32E7-4B13-9A59-ECEFB84AC018}.Debug|Win32.Build.0 = Debug|Win32
		{8A4A5EF7-32E7-4B13-9A59-ECEFB84AC018}.Release|Win32.ActiveCfg = Release|Win32
		{8A4A5EF7-32E7-4B13-9A59-ECEFB84AC018}.Release|Win32.Build.0 = Release|Win32
	EndGlobalSection
	GlobalSection(SolutionProperties) = preSolution
		HideSolutionNode = FALSE
	EndGlobalSection
EndGlobal
