<?xml version="1.0" encoding="utf-8"?>
<Project ToolsVersion="4.0" xmlns="http://schemas.microsoft.com/developer/msbuild/2003">
  <ItemGroup>
    <Filter Include="Source files">
      <UniqueIdentifier>{0284f407-c9fd-468e-95d0-48e01bc0ca55}</UniqueIdentifier>
      <Extensions>cpp;c;cc;cxx;def;odl;idl;hpj;bat;asm;asmx</Extensions>
    </Filter>
    <Filter Include="Header files">
      <UniqueIdentifier>{8f2cf178-a0f9-487e-8f09-37b2c164a90f}</UniqueIdentifier>
      <Extensions>h;hpp;hxx;hm;inl;inc;xsd</Extensions>
    </Filter>
    <Filter Include="Resource files">
      <UniqueIdentifier>{923c9bc9-ec14-49fc-b9b3-8a434f80b6cd}</UniqueIdentifier>
      <Extensions>rc;ico;cur;bmp;dlg;rc2;rct;bin;rgs;gif;jpg;jpeg;jpe;resx;tiff;tif;png;wav</Extensions>
    </Filter>
    <Filter Include="Make files">
      <UniqueIdentifier>{98a7a174-445a-4c54-b668-a176b8f88e3c}</UniqueIdentifier>
      <Extensions>*.mak</Extensions>
    </Filter>
  </ItemGroup>
  <ItemGroup>
    <None Include="Makefile" />
    <None Include="debug.mak">
      <Filter>Make files</Filter>
    </None>
    <None Include="release.mak">
      <Filter>Make files</Filter>
    </None>
  </ItemGroup>
  <ItemGroup>
    <ClCompile Include="src\sml_attention_response.cpp">
      <Filter>Source files</Filter>
    </ClCompile>
    <ClCompile Include="src\sml_boolean.cpp">
      <Filter>Source files</Filter>
    </ClCompile>
    <ClCompile Include="src\sml_close_request.cpp">
      <Filter>Source files</Filter>
    </ClCompile>
    <ClCompile Include="src\sml_close_response.cpp">
      <Filter>Source files</Filter>
    </ClCompile>
    <ClCompile Include="src\sml_crc16.cpp">
      <Filter>Source files</Filter>
    </ClCompile>
    <ClCompile Include="src\sml_file.cpp">
      <Filter>Source files</Filter>
    </ClCompile>
    <ClCompile Include="src\sml_get_list_request.cpp">
      <Filter>Source files</Filter>
    </ClCompile>
    <ClCompile Include="src\sml_get_list_response.cpp">
      <Filter>Source files</Filter>
    </ClCompile>
    <ClCompile Include="src\sml_get_proc_parameter_request.cpp">
      <Filter>Source files</Filter>
    </ClCompile>
    <ClCompile Include="src\sml_get_proc_parameter_response.cpp">
      <Filter>Source files</Filter>
    </ClCompile>
    <ClCompile Include="src\sml_get_profile_list_request.cpp">
      <Filter>Source files</Filter>
    </ClCompile>
    <ClCompile Include="src\sml_get_profile_list_response.cpp">
      <Filter>Source files</Filter>
    </ClCompile>
    <ClCompile Include="src\sml_get_profile_pack_request.cpp">
      <Filter>Source files</Filter>
    </ClCompile>
    <ClCompile Include="src\sml_get_profile_pack_response.cpp">
      <Filter>Source files</Filter>
    </ClCompile>
    <ClCompile Include="src\sml_list.cpp">
      <Filter>Source files</Filter>
    </ClCompile>
    <ClCompile Include="src\sml_log.cpp">
      <Filter>Source files</Filter>
    </ClCompile>
    <ClCompile Include="src\sml_message.cpp">
      <Filter>Source files</Filter>
    </ClCompile>
    <ClCompile Include="src\sml_number.cpp">
      <Filter>Source files</Filter>
    </ClCompile>
    <ClCompile Include="src\sml_octet_string.cpp">
      <Filter>Source files</Filter>
    </ClCompile>
    <ClCompile Include="src\sml_open_request.cpp">
      <Filter>Source files</Filter>
    </ClCompile>
    <ClCompile Include="src\sml_open_response.cpp">
      <Filter>Source files</Filter>
    </ClCompile>
    <ClCompile Include="src\sml_set_proc_parameter_request.cpp">
      <Filter>Source files</Filter>
    </ClCompile>
    <ClCompile Include="src\sml_shared.cpp">
      <Filter>Source files</Filter>
    </ClCompile>
    <ClCompile Include="src\sml_signature.cpp">
      <Filter>Source files</Filter>
    </ClCompile>
    <ClCompile Include="src\sml_status.cpp">
      <Filter>Source files</Filter>
    </ClCompile>
    <ClCompile Include="src\sml_time.cpp">
      <Filter>Source files</Filter>
    </ClCompile>
    <ClCompile Include="src\sml_transport.cpp">
      <Filter>Source files</Filter>
    </ClCompile>
    <ClCompile Include="src\sml_transport_file.cpp">
      <Filter>Source files</Filter>
    </ClCompile>
    <ClCompile Include="src\sml_tree.cpp">
      <Filter>Source files</Filter>
    </ClCompile>
    <ClCompile Include="src\sml_v105.cpp">
      <Filter>Source files</Filter>
    </ClCompile>
    <ClCompile Include="src\sml_value.cpp">
      <Filter>Source files</Filter>
    </ClCompile>
  </ItemGroup>
</Project>